// !$*UTF8*$!
{
	archiveVersion = 1;
	classes = {
	};
	objectVersion = 51;
	objects = {

/* Begin PBXBuildFile section */
		310FD1A4263F50130071486A /* TaskModel.swift in Sources */ = {isa = PBXBuildFile; fileRef = 310FD1A3263F50130071486A /* TaskModel.swift */; };
		31235E4826401E5B00ED7686 /* TableViewTaskModel.swift in Sources */ = {isa = PBXBuildFile; fileRef = 31235E4726401E5B00ED7686 /* TableViewTaskModel.swift */; };
		3132E044263E03450016DBA9 /* TaskListViewController.swift in Sources */ = {isa = PBXBuildFile; fileRef = 3132E043263E03450016DBA9 /* TaskListViewController.swift */; };
		3132E046263E03FE0016DBA9 /* TableViewCell.swift in Sources */ = {isa = PBXBuildFile; fileRef = 3132E045263E03FE0016DBA9 /* TableViewCell.swift */; };
		3132E04A263E14E70016DBA9 /* TaskListCoordinator.swift in Sources */ = {isa = PBXBuildFile; fileRef = 3132E049263E14E70016DBA9 /* TaskListCoordinator.swift */; };
		3137D11E263C82E0005D6BCD /* CollectionViewCell.swift in Sources */ = {isa = PBXBuildFile; fileRef = 3137D11D263C82E0005D6BCD /* CollectionViewCell.swift */; };
		3137D120263C90AD005D6BCD /* Extension.swift in Sources */ = {isa = PBXBuildFile; fileRef = 3137D11F263C90AD005D6BCD /* Extension.swift */; };
		3137D122263C9128005D6BCD /* CalendarModel.swift in Sources */ = {isa = PBXBuildFile; fileRef = 3137D121263C9128005D6BCD /* CalendarModel.swift */; };
		31432081263B1E9F00BA8004 /* AppDelegate.swift in Sources */ = {isa = PBXBuildFile; fileRef = 31432080263B1E9F00BA8004 /* AppDelegate.swift */; };
		31432085263B1E9F00BA8004 /* ViewController.swift in Sources */ = {isa = PBXBuildFile; fileRef = 31432084263B1E9F00BA8004 /* ViewController.swift */; };
		3143208A263B1EA200BA8004 /* Assets.xcassets in Resources */ = {isa = PBXBuildFile; fileRef = 31432089263B1EA200BA8004 /* Assets.xcassets */; };
		31432098263B1EA300BA8004 /* SimbirSoftTests.swift in Sources */ = {isa = PBXBuildFile; fileRef = 31432097263B1EA300BA8004 /* SimbirSoftTests.swift */; };
		314320A3263B1EA300BA8004 /* SimbirSoftUITests.swift in Sources */ = {isa = PBXBuildFile; fileRef = 314320A2263B1EA300BA8004 /* SimbirSoftUITests.swift */; };
		314320B9263B1F3700BA8004 /* RealmService.swift in Sources */ = {isa = PBXBuildFile; fileRef = 314320B8263B1F3700BA8004 /* RealmService.swift */; };
		314320BD263B231500BA8004 /* DependencyContainer.swift in Sources */ = {isa = PBXBuildFile; fileRef = 314320BC263B231500BA8004 /* DependencyContainer.swift */; };
		314320BF263B262800BA8004 /* CalendarViewModel.swift in Sources */ = {isa = PBXBuildFile; fileRef = 314320BE263B262800BA8004 /* CalendarViewModel.swift */; };
		314320C3263B265400BA8004 /* SaveViewModel.swift in Sources */ = {isa = PBXBuildFile; fileRef = 314320C2263B265400BA8004 /* SaveViewModel.swift */; };
		314320C5263B281F00BA8004 /* ProtocolList.swift in Sources */ = {isa = PBXBuildFile; fileRef = 314320C4263B281F00BA8004 /* ProtocolList.swift */; };
		314320C7263B28A200BA8004 /* MainCoordinator.swift in Sources */ = {isa = PBXBuildFile; fileRef = 314320C6263B28A200BA8004 /* MainCoordinator.swift */; };
		314320D3263B45EA00BA8004 /* MainView.swift in Sources */ = {isa = PBXBuildFile; fileRef = 314320D2263B45EA00BA8004 /* MainView.swift */; };
		314320D5263B47F400BA8004 /* DateManager.swift in Sources */ = {isa = PBXBuildFile; fileRef = 314320D4263B47F400BA8004 /* DateManager.swift */; };
		314784D7263EAC1D00BC9DF9 /* TaskListView.swift in Sources */ = {isa = PBXBuildFile; fileRef = 314784D6263EAC1D00BC9DF9 /* TaskListView.swift */; };
		8A3E6769F42610E3D1742777 /* Pods_SimbirSoft.framework in Frameworks */ = {isa = PBXBuildFile; fileRef = 521339CB4C27049ECD04894B /* Pods_SimbirSoft.framework */; };
		AF5DB0AABDAB1E8A47D05DC3 /* Pods_SimbirSoft_SimbirSoftUITests.framework in Frameworks */ = {isa = PBXBuildFile; fileRef = A32E3666D4D6413F8840AD2D /* Pods_SimbirSoft_SimbirSoftUITests.framework */; };
		EE06EEF6CCB11490118B4C2C /* Pods_SimbirSoftTests.framework in Frameworks */ = {isa = PBXBuildFile; fileRef = 2E1985D67250E31A98166086 /* Pods_SimbirSoftTests.framework */; };
/* End PBXBuildFile section */

/* Begin PBXContainerItemProxy section */
		31432094263B1EA300BA8004 /* PBXContainerItemProxy */ = {
			isa = PBXContainerItemProxy;
			containerPortal = 31432075263B1E9F00BA8004 /* Project object */;
			proxyType = 1;
			remoteGlobalIDString = 3143207C263B1E9F00BA8004;
			remoteInfo = SimbirSoft;
		};
		3143209F263B1EA300BA8004 /* PBXContainerItemProxy */ = {
			isa = PBXContainerItemProxy;
			containerPortal = 31432075263B1E9F00BA8004 /* Project object */;
			proxyType = 1;
			remoteGlobalIDString = 3143207C263B1E9F00BA8004;
			remoteInfo = SimbirSoft;
		};
/* End PBXContainerItemProxy section */

/* Begin PBXFileReference section */
		0052974C406F2E0519C85F5F /* Pods-SimbirSoftTests.debug.xcconfig */ = {isa = PBXFileReference; includeInIndex = 1; lastKnownFileType = text.xcconfig; name = "Pods-SimbirSoftTests.debug.xcconfig"; path = "Target Support Files/Pods-SimbirSoftTests/Pods-SimbirSoftTests.debug.xcconfig"; sourceTree = "<group>"; };
		18B3AAA378649F8AA8F34DB4 /* Pods-SimbirSoft-SimbirSoftUITests.release.xcconfig */ = {isa = PBXFileReference; includeInIndex = 1; lastKnownFileType = text.xcconfig; name = "Pods-SimbirSoft-SimbirSoftUITests.release.xcconfig"; path = "Target Support Files/Pods-SimbirSoft-SimbirSoftUITests/Pods-SimbirSoft-SimbirSoftUITests.release.xcconfig"; sourceTree = "<group>"; };
		2E1985D67250E31A98166086 /* Pods_SimbirSoftTests.framework */ = {isa = PBXFileReference; explicitFileType = wrapper.framework; includeInIndex = 0; path = Pods_SimbirSoftTests.framework; sourceTree = BUILT_PRODUCTS_DIR; };
		310FD1A3263F50130071486A /* TaskModel.swift */ = {isa = PBXFileReference; lastKnownFileType = sourcecode.swift; path = TaskModel.swift; sourceTree = "<group>"; };
		31235E4726401E5B00ED7686 /* TableViewTaskModel.swift */ = {isa = PBXFileReference; lastKnownFileType = sourcecode.swift; path = TableViewTaskModel.swift; sourceTree = "<group>"; };
		3132E043263E03450016DBA9 /* TaskListViewController.swift */ = {isa = PBXFileReference; lastKnownFileType = sourcecode.swift; path = TaskListViewController.swift; sourceTree = "<group>"; };
		3132E045263E03FE0016DBA9 /* TableViewCell.swift */ = {isa = PBXFileReference; lastKnownFileType = sourcecode.swift; path = TableViewCell.swift; sourceTree = "<group>"; };
		3132E049263E14E70016DBA9 /* TaskListCoordinator.swift */ = {isa = PBXFileReference; lastKnownFileType = sourcecode.swift; path = TaskListCoordinator.swift; sourceTree = "<group>"; };
		3137D11D263C82E0005D6BCD /* CollectionViewCell.swift */ = {isa = PBXFileReference; lastKnownFileType = sourcecode.swift; path = CollectionViewCell.swift; sourceTree = "<group>"; };
		3137D11F263C90AD005D6BCD /* Extension.swift */ = {isa = PBXFileReference; lastKnownFileType = sourcecode.swift; path = Extension.swift; sourceTree = "<group>"; };
		3137D121263C9128005D6BCD /* CalendarModel.swift */ = {isa = PBXFileReference; lastKnownFileType = sourcecode.swift; path = CalendarModel.swift; sourceTree = "<group>"; };
		3143207D263B1E9F00BA8004 /* SimbirSoft.app */ = {isa = PBXFileReference; explicitFileType = wrapper.application; includeInIndex = 0; path = SimbirSoft.app; sourceTree = BUILT_PRODUCTS_DIR; };
		31432080263B1E9F00BA8004 /* AppDelegate.swift */ = {isa = PBXFileReference; lastKnownFileType = sourcecode.swift; path = AppDelegate.swift; sourceTree = "<group>"; };
		31432084263B1E9F00BA8004 /* ViewController.swift */ = {isa = PBXFileReference; lastKnownFileType = sourcecode.swift; path = ViewController.swift; sourceTree = "<group>"; };
		31432089263B1EA200BA8004 /* Assets.xcassets */ = {isa = PBXFileReference; lastKnownFileType = folder.assetcatalog; path = Assets.xcassets; sourceTree = "<group>"; };
		3143208E263B1EA300BA8004 /* Info.plist */ = {isa = PBXFileReference; lastKnownFileType = text.plist.xml; path = Info.plist; sourceTree = "<group>"; };
		31432093263B1EA300BA8004 /* SimbirSoftTests.xctest */ = {isa = PBXFileReference; explicitFileType = wrapper.cfbundle; includeInIndex = 0; path = SimbirSoftTests.xctest; sourceTree = BUILT_PRODUCTS_DIR; };
		31432097263B1EA300BA8004 /* SimbirSoftTests.swift */ = {isa = PBXFileReference; lastKnownFileType = sourcecode.swift; path = SimbirSoftTests.swift; sourceTree = "<group>"; };
		31432099263B1EA300BA8004 /* Info.plist */ = {isa = PBXFileReference; lastKnownFileType = text.plist.xml; path = Info.plist; sourceTree = "<group>"; };
		3143209E263B1EA300BA8004 /* SimbirSoftUITests.xctest */ = {isa = PBXFileReference; explicitFileType = wrapper.cfbundle; includeInIndex = 0; path = SimbirSoftUITests.xctest; sourceTree = BUILT_PRODUCTS_DIR; };
		314320A2263B1EA300BA8004 /* SimbirSoftUITests.swift */ = {isa = PBXFileReference; lastKnownFileType = sourcecode.swift; path = SimbirSoftUITests.swift; sourceTree = "<group>"; };
		314320A4263B1EA300BA8004 /* Info.plist */ = {isa = PBXFileReference; lastKnownFileType = text.plist.xml; path = Info.plist; sourceTree = "<group>"; };
		314320B8263B1F3700BA8004 /* RealmService.swift */ = {isa = PBXFileReference; lastKnownFileType = sourcecode.swift; path = RealmService.swift; sourceTree = "<group>"; };
		314320BC263B231500BA8004 /* DependencyContainer.swift */ = {isa = PBXFileReference; lastKnownFileType = sourcecode.swift; path = DependencyContainer.swift; sourceTree = "<group>"; };
		314320BE263B262800BA8004 /* CalendarViewModel.swift */ = {isa = PBXFileReference; lastKnownFileType = sourcecode.swift; path = CalendarViewModel.swift; sourceTree = "<group>"; };
		314320C2263B265400BA8004 /* SaveViewModel.swift */ = {isa = PBXFileReference; lastKnownFileType = sourcecode.swift; path = SaveViewModel.swift; sourceTree = "<group>"; };
		314320C4263B281F00BA8004 /* ProtocolList.swift */ = {isa = PBXFileReference; lastKnownFileType = sourcecode.swift; path = ProtocolList.swift; sourceTree = "<group>"; };
		314320C6263B28A200BA8004 /* MainCoordinator.swift */ = {isa = PBXFileReference; lastKnownFileType = sourcecode.swift; path = MainCoordinator.swift; sourceTree = "<group>"; };
		314320D2263B45EA00BA8004 /* MainView.swift */ = {isa = PBXFileReference; lastKnownFileType = sourcecode.swift; path = MainView.swift; sourceTree = "<group>"; };
		314320D4263B47F400BA8004 /* DateManager.swift */ = {isa = PBXFileReference; lastKnownFileType = sourcecode.swift; path = DateManager.swift; sourceTree = "<group>"; };
		314784D6263EAC1D00BC9DF9 /* TaskListView.swift */ = {isa = PBXFileReference; lastKnownFileType = sourcecode.swift; path = TaskListView.swift; sourceTree = "<group>"; };
		521339CB4C27049ECD04894B /* Pods_SimbirSoft.framework */ = {isa = PBXFileReference; explicitFileType = wrapper.framework; includeInIndex = 0; path = Pods_SimbirSoft.framework; sourceTree = BUILT_PRODUCTS_DIR; };
		593267A6779C1C99551D3EC5 /* Pods-SimbirSoft-SimbirSoftUITests.debug.xcconfig */ = {isa = PBXFileReference; includeInIndex = 1; lastKnownFileType = text.xcconfig; name = "Pods-SimbirSoft-SimbirSoftUITests.debug.xcconfig"; path = "Target Support Files/Pods-SimbirSoft-SimbirSoftUITests/Pods-SimbirSoft-SimbirSoftUITests.debug.xcconfig"; sourceTree = "<group>"; };
		85BDC554C9E6AAC5F8DE8769 /* Pods-SimbirSoft.debug.xcconfig */ = {isa = PBXFileReference; includeInIndex = 1; lastKnownFileType = text.xcconfig; name = "Pods-SimbirSoft.debug.xcconfig"; path = "Target Support Files/Pods-SimbirSoft/Pods-SimbirSoft.debug.xcconfig"; sourceTree = "<group>"; };
		A32E3666D4D6413F8840AD2D /* Pods_SimbirSoft_SimbirSoftUITests.framework */ = {isa = PBXFileReference; explicitFileType = wrapper.framework; includeInIndex = 0; path = Pods_SimbirSoft_SimbirSoftUITests.framework; sourceTree = BUILT_PRODUCTS_DIR; };
		A56A5460C727E1E872A4D75B /* Pods-SimbirSoftTests.release.xcconfig */ = {isa = PBXFileReference; includeInIndex = 1; lastKnownFileType = text.xcconfig; name = "Pods-SimbirSoftTests.release.xcconfig"; path = "Target Support Files/Pods-SimbirSoftTests/Pods-SimbirSoftTests.release.xcconfig"; sourceTree = "<group>"; };
		AD481A9CDAD5BFA343637E0F /* Pods-SimbirSoft.release.xcconfig */ = {isa = PBXFileReference; includeInIndex = 1; lastKnownFileType = text.xcconfig; name = "Pods-SimbirSoft.release.xcconfig"; path = "Target Support Files/Pods-SimbirSoft/Pods-SimbirSoft.release.xcconfig"; sourceTree = "<group>"; };
/* End PBXFileReference section */

/* Begin PBXFrameworksBuildPhase section */
		3143207A263B1E9F00BA8004 /* Frameworks */ = {
			isa = PBXFrameworksBuildPhase;
			buildActionMask = 2147483647;
			files = (
				8A3E6769F42610E3D1742777 /* Pods_SimbirSoft.framework in Frameworks */,
			);
			runOnlyForDeploymentPostprocessing = 0;
		};
		31432090263B1EA300BA8004 /* Frameworks */ = {
			isa = PBXFrameworksBuildPhase;
			buildActionMask = 2147483647;
			files = (
				EE06EEF6CCB11490118B4C2C /* Pods_SimbirSoftTests.framework in Frameworks */,
			);
			runOnlyForDeploymentPostprocessing = 0;
		};
		3143209B263B1EA300BA8004 /* Frameworks */ = {
			isa = PBXFrameworksBuildPhase;
			buildActionMask = 2147483647;
			files = (
				AF5DB0AABDAB1E8A47D05DC3 /* Pods_SimbirSoft_SimbirSoftUITests.framework in Frameworks */,
			);
			runOnlyForDeploymentPostprocessing = 0;
		};
/* End PBXFrameworksBuildPhase section */

/* Begin PBXGroup section */
		31432074263B1E9F00BA8004 = {
			isa = PBXGroup;
			children = (
				3143207F263B1E9F00BA8004 /* SimbirSoft */,
				31432096263B1EA300BA8004 /* SimbirSoftTests */,
				314320A1263B1EA300BA8004 /* SimbirSoftUITests */,
				3143207E263B1E9F00BA8004 /* Products */,
				AAF891A20A3E61CEB7984F08 /* Pods */,
				9B6538696A71A22509437D69 /* Frameworks */,
			);
			sourceTree = "<group>";
		};
		3143207E263B1E9F00BA8004 /* Products */ = {
			isa = PBXGroup;
			children = (
				3143207D263B1E9F00BA8004 /* SimbirSoft.app */,
				31432093263B1EA300BA8004 /* SimbirSoftTests.xctest */,
				3143209E263B1EA300BA8004 /* SimbirSoftUITests.xctest */,
			);
			name = Products;
			sourceTree = "<group>";
		};
		3143207F263B1E9F00BA8004 /* SimbirSoft */ = {
			isa = PBXGroup;
			children = (
				314320DA263B575900BA8004 /* Model */,
				314320B3263B1EDD00BA8004 /* Assembly */,
				314320B1263B1ECE00BA8004 /* TaskListController */,
				314320D6263B56D400BA8004 /* CalendarViewController */,
				314320E2263B57F100BA8004 /* ViewModel */,
				314320B4263B1EE500BA8004 /* Service */,
				314320B5263B1EFD00BA8004 /* Protocol */,
				31432080263B1E9F00BA8004 /* AppDelegate.swift */,
				31432089263B1EA200BA8004 /* Assets.xcassets */,
				3143208E263B1EA300BA8004 /* Info.plist */,
			);
			path = SimbirSoft;
			sourceTree = "<group>";
		};
		31432096263B1EA300BA8004 /* SimbirSoftTests */ = {
			isa = PBXGroup;
			children = (
				31432097263B1EA300BA8004 /* SimbirSoftTests.swift */,
				31432099263B1EA300BA8004 /* Info.plist */,
			);
			path = SimbirSoftTests;
			sourceTree = "<group>";
		};
		314320A1263B1EA300BA8004 /* SimbirSoftUITests */ = {
			isa = PBXGroup;
			children = (
				314320A2263B1EA300BA8004 /* SimbirSoftUITests.swift */,
				314320A4263B1EA300BA8004 /* Info.plist */,
			);
			path = SimbirSoftUITests;
			sourceTree = "<group>";
		};
		314320B1263B1ECE00BA8004 /* TaskListController */ = {
			isa = PBXGroup;
			children = (
				314320D8263B574E00BA8004 /* View */,
			);
			path = TaskListController;
			sourceTree = "<group>";
		};
		314320B3263B1EDD00BA8004 /* Assembly */ = {
			isa = PBXGroup;
			children = (
				314320E4263B584000BA8004 /* Coordinators */,
				314320BC263B231500BA8004 /* DependencyContainer.swift */,
			);
			path = Assembly;
			sourceTree = "<group>";
		};
		314320B4263B1EE500BA8004 /* Service */ = {
			isa = PBXGroup;
			children = (
				314320B8263B1F3700BA8004 /* RealmService.swift */,
				314320D4263B47F400BA8004 /* DateManager.swift */,
				3137D11F263C90AD005D6BCD /* Extension.swift */,
			);
			path = Service;
			sourceTree = "<group>";
		};
		314320B5263B1EFD00BA8004 /* Protocol */ = {
			isa = PBXGroup;
			children = (
				314320C4263B281F00BA8004 /* ProtocolList.swift */,
			);
			path = Protocol;
			sourceTree = "<group>";
		};
		314320CB263B295D00BA8004 /* Cells */ = {
			isa = PBXGroup;
			children = (
				3137D11D263C82E0005D6BCD /* CollectionViewCell.swift */,
				3132E045263E03FE0016DBA9 /* TableViewCell.swift */,
			);
			path = Cells;
			sourceTree = "<group>";
		};
		314320D6263B56D400BA8004 /* CalendarViewController */ = {
			isa = PBXGroup;
			children = (
				314320D7263B56F100BA8004 /* View */,
			);
			name = CalendarViewController;
			path = Service;
			sourceTree = "<group>";
		};
		314320D7263B56F100BA8004 /* View */ = {
			isa = PBXGroup;
			children = (
				314320DC263B577200BA8004 /* Layer */,
				31432084263B1E9F00BA8004 /* ViewController.swift */,
			);
			path = View;
			sourceTree = "<group>";
		};
		314320D8263B574E00BA8004 /* View */ = {
			isa = PBXGroup;
			children = (
				3132E043263E03450016DBA9 /* TaskListViewController.swift */,
				314784D6263EAC1D00BC9DF9 /* TaskListView.swift */,
			);
			path = View;
			sourceTree = "<group>";
		};
		314320DA263B575900BA8004 /* Model */ = {
			isa = PBXGroup;
			children = (
				3137D121263C9128005D6BCD /* CalendarModel.swift */,
				310FD1A3263F50130071486A /* TaskModel.swift */,
				31235E4726401E5B00ED7686 /* TableViewTaskModel.swift */,
			);
			path = Model;
			sourceTree = "<group>";
		};
		314320DC263B577200BA8004 /* Layer */ = {
			isa = PBXGroup;
			children = (
				314320CB263B295D00BA8004 /* Cells */,
				314320D2263B45EA00BA8004 /* MainView.swift */,
			);
			path = Layer;
			sourceTree = "<group>";
		};
		314320E2263B57F100BA8004 /* ViewModel */ = {
			isa = PBXGroup;
			children = (
				314320BE263B262800BA8004 /* CalendarViewModel.swift */,
				314320C2263B265400BA8004 /* SaveViewModel.swift */,
			);
			path = ViewModel;
			sourceTree = "<group>";
		};
		314320E4263B584000BA8004 /* Coordinators */ = {
			isa = PBXGroup;
			children = (
				314320C6263B28A200BA8004 /* MainCoordinator.swift */,
				3132E049263E14E70016DBA9 /* TaskListCoordinator.swift */,
			);
			path = Coordinators;
			sourceTree = "<group>";
		};
		9B6538696A71A22509437D69 /* Frameworks */ = {
			isa = PBXGroup;
			children = (
				521339CB4C27049ECD04894B /* Pods_SimbirSoft.framework */,
				A32E3666D4D6413F8840AD2D /* Pods_SimbirSoft_SimbirSoftUITests.framework */,
				2E1985D67250E31A98166086 /* Pods_SimbirSoftTests.framework */,
			);
			name = Frameworks;
			sourceTree = "<group>";
		};
		AAF891A20A3E61CEB7984F08 /* Pods */ = {
			isa = PBXGroup;
			children = (
				85BDC554C9E6AAC5F8DE8769 /* Pods-SimbirSoft.debug.xcconfig */,
				AD481A9CDAD5BFA343637E0F /* Pods-SimbirSoft.release.xcconfig */,
				593267A6779C1C99551D3EC5 /* Pods-SimbirSoft-SimbirSoftUITests.debug.xcconfig */,
				18B3AAA378649F8AA8F34DB4 /* Pods-SimbirSoft-SimbirSoftUITests.release.xcconfig */,
				0052974C406F2E0519C85F5F /* Pods-SimbirSoftTests.debug.xcconfig */,
				A56A5460C727E1E872A4D75B /* Pods-SimbirSoftTests.release.xcconfig */,
			);
			path = Pods;
			sourceTree = "<group>";
		};
/* End PBXGroup section */

/* Begin PBXNativeTarget section */
		3143207C263B1E9F00BA8004 /* SimbirSoft */ = {
			isa = PBXNativeTarget;
			buildConfigurationList = 314320A7263B1EA300BA8004 /* Build configuration list for PBXNativeTarget "SimbirSoft" */;
			buildPhases = (
				C581D807BE8E7FB176DCB6E2 /* [CP] Check Pods Manifest.lock */,
				31432079263B1E9F00BA8004 /* Sources */,
				3143207A263B1E9F00BA8004 /* Frameworks */,
				3143207B263B1E9F00BA8004 /* Resources */,
				F55CED6F6F2C54D7A22EE1E3 /* [CP] Embed Pods Frameworks */,
			);
			buildRules = (
			);
			dependencies = (
			);
			name = SimbirSoft;
			productName = SimbirSoft;
			productReference = 3143207D263B1E9F00BA8004 /* SimbirSoft.app */;
			productType = "com.apple.product-type.application";
		};
		31432092263B1EA300BA8004 /* SimbirSoftTests */ = {
			isa = PBXNativeTarget;
			buildConfigurationList = 314320AA263B1EA300BA8004 /* Build configuration list for PBXNativeTarget "SimbirSoftTests" */;
			buildPhases = (
				20256AEC5F9C403D6610E20D /* [CP] Check Pods Manifest.lock */,
				3143208F263B1EA300BA8004 /* Sources */,
				31432090263B1EA300BA8004 /* Frameworks */,
				31432091263B1EA300BA8004 /* Resources */,
			);
			buildRules = (
			);
			dependencies = (
				31432095263B1EA300BA8004 /* PBXTargetDependency */,
			);
			name = SimbirSoftTests;
			productName = SimbirSoftTests;
			productReference = 31432093263B1EA300BA8004 /* SimbirSoftTests.xctest */;
			productType = "com.apple.product-type.bundle.unit-test";
		};
		3143209D263B1EA300BA8004 /* SimbirSoftUITests */ = {
			isa = PBXNativeTarget;
			buildConfigurationList = 314320AD263B1EA300BA8004 /* Build configuration list for PBXNativeTarget "SimbirSoftUITests" */;
			buildPhases = (
				B1F6BB7685066607B3C00BC1 /* [CP] Check Pods Manifest.lock */,
				3143209A263B1EA300BA8004 /* Sources */,
				3143209B263B1EA300BA8004 /* Frameworks */,
				3143209C263B1EA300BA8004 /* Resources */,
				932D7DB2D59B4BEC4D968640 /* [CP] Embed Pods Frameworks */,
			);
			buildRules = (
			);
			dependencies = (
				314320A0263B1EA300BA8004 /* PBXTargetDependency */,
			);
			name = SimbirSoftUITests;
			productName = SimbirSoftUITests;
			productReference = 3143209E263B1EA300BA8004 /* SimbirSoftUITests.xctest */;
			productType = "com.apple.product-type.bundle.ui-testing";
		};
/* End PBXNativeTarget section */

/* Begin PBXProject section */
		31432075263B1E9F00BA8004 /* Project object */ = {
			isa = PBXProject;
			attributes = {
				LastSwiftUpdateCheck = 1130;
				LastUpgradeCheck = 1130;
				ORGANIZATIONNAME = Storm67;
				TargetAttributes = {
					3143207C263B1E9F00BA8004 = {
						CreatedOnToolsVersion = 11.3.1;
					};
					31432092263B1EA300BA8004 = {
						CreatedOnToolsVersion = 11.3.1;
						TestTargetID = 3143207C263B1E9F00BA8004;
					};
					3143209D263B1EA300BA8004 = {
						CreatedOnToolsVersion = 11.3.1;
						TestTargetID = 3143207C263B1E9F00BA8004;
					};
				};
			};
			buildConfigurationList = 31432078263B1E9F00BA8004 /* Build configuration list for PBXProject "SimbirSoft" */;
			compatibilityVersion = "Xcode 9.3";
			developmentRegion = en;
			hasScannedForEncodings = 0;
			knownRegions = (
				en,
				Base,
			);
			mainGroup = 31432074263B1E9F00BA8004;
			productRefGroup = 3143207E263B1E9F00BA8004 /* Products */;
			projectDirPath = "";
			projectRoot = "";
			targets = (
				3143207C263B1E9F00BA8004 /* SimbirSoft */,
				31432092263B1EA300BA8004 /* SimbirSoftTests */,
				3143209D263B1EA300BA8004 /* SimbirSoftUITests */,
			);
		};
/* End PBXProject section */

/* Begin PBXResourcesBuildPhase section */
		3143207B263B1E9F00BA8004 /* Resources */ = {
			isa = PBXResourcesBuildPhase;
			buildActionMask = 2147483647;
			files = (
				3143208A263B1EA200BA8004 /* Assets.xcassets in Resources */,
			);
			runOnlyForDeploymentPostprocessing = 0;
		};
		31432091263B1EA300BA8004 /* Resources */ = {
			isa = PBXResourcesBuildPhase;
			buildActionMask = 2147483647;
			files = (
			);
			runOnlyForDeploymentPostprocessing = 0;
		};
		3143209C263B1EA300BA8004 /* Resources */ = {
			isa = PBXResourcesBuildPhase;
			buildActionMask = 2147483647;
			files = (
			);
			runOnlyForDeploymentPostprocessing = 0;
		};
/* End PBXResourcesBuildPhase section */

/* Begin PBXShellScriptBuildPhase section */
		20256AEC5F9C403D6610E20D /* [CP] Check Pods Manifest.lock */ = {
			isa = PBXShellScriptBuildPhase;
			buildActionMask = 2147483647;
			files = (
			);
			inputFileListPaths = (
			);
			inputPaths = (
				"${PODS_PODFILE_DIR_PATH}/Podfile.lock",
				"${PODS_ROOT}/Manifest.lock",
			);
			name = "[CP] Check Pods Manifest.lock";
			outputFileListPaths = (
			);
			outputPaths = (
				"$(DERIVED_FILE_DIR)/Pods-SimbirSoftTests-checkManifestLockResult.txt",
			);
			runOnlyForDeploymentPostprocessing = 0;
			shellPath = /bin/sh;
			shellScript = "diff \"${PODS_PODFILE_DIR_PATH}/Podfile.lock\" \"${PODS_ROOT}/Manifest.lock\" > /dev/null\nif [ $? != 0 ] ; then\n    # print error to STDERR\n    echo \"error: The sandbox is not in sync with the Podfile.lock. Run 'pod install' or update your CocoaPods installation.\" >&2\n    exit 1\nfi\n# This output is used by Xcode 'outputs' to avoid re-running this script phase.\necho \"SUCCESS\" > \"${SCRIPT_OUTPUT_FILE_0}\"\n";
			showEnvVarsInLog = 0;
		};
		932D7DB2D59B4BEC4D968640 /* [CP] Embed Pods Frameworks */ = {
			isa = PBXShellScriptBuildPhase;
			buildActionMask = 2147483647;
			files = (
			);
			inputFileListPaths = (
				"${PODS_ROOT}/Target Support Files/Pods-SimbirSoft-SimbirSoftUITests/Pods-SimbirSoft-SimbirSoftUITests-frameworks-${CONFIGURATION}-input-files.xcfilelist",
			);
			name = "[CP] Embed Pods Frameworks";
			outputFileListPaths = (
				"${PODS_ROOT}/Target Support Files/Pods-SimbirSoft-SimbirSoftUITests/Pods-SimbirSoft-SimbirSoftUITests-frameworks-${CONFIGURATION}-output-files.xcfilelist",
			);
			runOnlyForDeploymentPostprocessing = 0;
			shellPath = /bin/sh;
			shellScript = "\"${PODS_ROOT}/Target Support Files/Pods-SimbirSoft-SimbirSoftUITests/Pods-SimbirSoft-SimbirSoftUITests-frameworks.sh\"\n";
			showEnvVarsInLog = 0;
		};
		B1F6BB7685066607B3C00BC1 /* [CP] Check Pods Manifest.lock */ = {
			isa = PBXShellScriptBuildPhase;
			buildActionMask = 2147483647;
			files = (
			);
			inputFileListPaths = (
			);
			inputPaths = (
				"${PODS_PODFILE_DIR_PATH}/Podfile.lock",
				"${PODS_ROOT}/Manifest.lock",
			);
			name = "[CP] Check Pods Manifest.lock";
			outputFileListPaths = (
			);
			outputPaths = (
				"$(DERIVED_FILE_DIR)/Pods-SimbirSoft-SimbirSoftUITests-checkManifestLockResult.txt",
			);
			runOnlyForDeploymentPostprocessing = 0;
			shellPath = /bin/sh;
			shellScript = "diff \"${PODS_PODFILE_DIR_PATH}/Podfile.lock\" \"${PODS_ROOT}/Manifest.lock\" > /dev/null\nif [ $? != 0 ] ; then\n    # print error to STDERR\n    echo \"error: The sandbox is not in sync with the Podfile.lock. Run 'pod install' or update your CocoaPods installation.\" >&2\n    exit 1\nfi\n# This output is used by Xcode 'outputs' to avoid re-running this script phase.\necho \"SUCCESS\" > \"${SCRIPT_OUTPUT_FILE_0}\"\n";
			showEnvVarsInLog = 0;
		};
		C581D807BE8E7FB176DCB6E2 /* [CP] Check Pods Manifest.lock */ = {
			isa = PBXShellScriptBuildPhase;
			buildActionMask = 2147483647;
			files = (
			);
			inputFileListPaths = (
			);
			inputPaths = (
				"${PODS_PODFILE_DIR_PATH}/Podfile.lock",
				"${PODS_ROOT}/Manifest.lock",
			);
			name = "[CP] Check Pods Manifest.lock";
			outputFileListPaths = (
			);
			outputPaths = (
				"$(DERIVED_FILE_DIR)/Pods-SimbirSoft-checkManifestLockResult.txt",
			);
			runOnlyForDeploymentPostprocessing = 0;
			shellPath = /bin/sh;
			shellScript = "diff \"${PODS_PODFILE_DIR_PATH}/Podfile.lock\" \"${PODS_ROOT}/Manifest.lock\" > /dev/null\nif [ $? != 0 ] ; then\n    # print error to STDERR\n    echo \"error: The sandbox is not in sync with the Podfile.lock. Run 'pod install' or update your CocoaPods installation.\" >&2\n    exit 1\nfi\n# This output is used by Xcode 'outputs' to avoid re-running this script phase.\necho \"SUCCESS\" > \"${SCRIPT_OUTPUT_FILE_0}\"\n";
			showEnvVarsInLog = 0;
		};
		F55CED6F6F2C54D7A22EE1E3 /* [CP] Embed Pods Frameworks */ = {
			isa = PBXShellScriptBuildPhase;
			buildActionMask = 2147483647;
			files = (
			);
			inputFileListPaths = (
				"${PODS_ROOT}/Target Support Files/Pods-SimbirSoft/Pods-SimbirSoft-frameworks-${CONFIGURATION}-input-files.xcfilelist",
			);
			name = "[CP] Embed Pods Frameworks";
			outputFileListPaths = (
				"${PODS_ROOT}/Target Support Files/Pods-SimbirSoft/Pods-SimbirSoft-frameworks-${CONFIGURATION}-output-files.xcfilelist",
			);
			runOnlyForDeploymentPostprocessing = 0;
			shellPath = /bin/sh;
			shellScript = "\"${PODS_ROOT}/Target Support Files/Pods-SimbirSoft/Pods-SimbirSoft-frameworks.sh\"\n";
			showEnvVarsInLog = 0;
		};
/* End PBXShellScriptBuildPhase section */

/* Begin PBXSourcesBuildPhase section */
		31432079263B1E9F00BA8004 /* Sources */ = {
			isa = PBXSourcesBuildPhase;
			buildActionMask = 2147483647;
			files = (
				314320BF263B262800BA8004 /* CalendarViewModel.swift in Sources */,
				314320D5263B47F400BA8004 /* DateManager.swift in Sources */,
				314320D3263B45EA00BA8004 /* MainView.swift in Sources */,
				314320C3263B265400BA8004 /* SaveViewModel.swift in Sources */,
				3132E046263E03FE0016DBA9 /* TableViewCell.swift in Sources */,
				310FD1A4263F50130071486A /* TaskModel.swift in Sources */,
				3137D122263C9128005D6BCD /* CalendarModel.swift in Sources */,
				3132E044263E03450016DBA9 /* TaskListViewController.swift in Sources */,
				3137D11E263C82E0005D6BCD /* CollectionViewCell.swift in Sources */,
				31235E4826401E5B00ED7686 /* TableViewTaskModel.swift in Sources */,
				314320C7263B28A200BA8004 /* MainCoordinator.swift in Sources */,
				3137D120263C90AD005D6BCD /* Extension.swift in Sources */,
				314784D7263EAC1D00BC9DF9 /* TaskListView.swift in Sources */,
				31432085263B1E9F00BA8004 /* ViewController.swift in Sources */,
				31432081263B1E9F00BA8004 /* AppDelegate.swift in Sources */,
				3132E04A263E14E70016DBA9 /* TaskListCoordinator.swift in Sources */,
				314320C5263B281F00BA8004 /* ProtocolList.swift in Sources */,
				314320BD263B231500BA8004 /* DependencyContainer.swift in Sources */,
				314320B9263B1F3700BA8004 /* RealmService.swift in Sources */,
			);
			runOnlyForDeploymentPostprocessing = 0;
		};
		3143208F263B1EA300BA8004 /* Sources */ = {
			isa = PBXSourcesBuildPhase;
			buildActionMask = 2147483647;
			files = (
				31432098263B1EA300BA8004 /* SimbirSoftTests.swift in Sources */,
			);
			runOnlyForDeploymentPostprocessing = 0;
		};
		3143209A263B1EA300BA8004 /* Sources */ = {
			isa = PBXSourcesBuildPhase;
			buildActionMask = 2147483647;
			files = (
				314320A3263B1EA300BA8004 /* SimbirSoftUITests.swift in Sources */,
			);
			runOnlyForDeploymentPostprocessing = 0;
		};
/* End PBXSourcesBuildPhase section */

/* Begin PBXTargetDependency section */
		31432095263B1EA300BA8004 /* PBXTargetDependency */ = {
			isa = PBXTargetDependency;
			target = 3143207C263B1E9F00BA8004 /* SimbirSoft */;
			targetProxy = 31432094263B1EA300BA8004 /* PBXContainerItemProxy */;
		};
		314320A0263B1EA300BA8004 /* PBXTargetDependency */ = {
			isa = PBXTargetDependency;
			target = 3143207C263B1E9F00BA8004 /* SimbirSoft */;
			targetProxy = 3143209F263B1EA300BA8004 /* PBXContainerItemProxy */;
		};
/* End PBXTargetDependency section */

/* Begin XCBuildConfiguration section */
		314320A5263B1EA300BA8004 /* Debug */ = {
			isa = XCBuildConfiguration;
			buildSettings = {
				ALWAYS_SEARCH_USER_PATHS = NO;
				CLANG_ANALYZER_NONNULL = YES;
				CLANG_ANALYZER_NUMBER_OBJECT_CONVERSION = YES_AGGRESSIVE;
				CLANG_CXX_LANGUAGE_STANDARD = "gnu++14";
				CLANG_CXX_LIBRARY = "libc++";
				CLANG_ENABLE_MODULES = YES;
				CLANG_ENABLE_OBJC_ARC = YES;
				CLANG_ENABLE_OBJC_WEAK = YES;
				CLANG_WARN_BLOCK_CAPTURE_AUTORELEASING = YES;
				CLANG_WARN_BOOL_CONVERSION = YES;
				CLANG_WARN_COMMA = YES;
				CLANG_WARN_CONSTANT_CONVERSION = YES;
				CLANG_WARN_DEPRECATED_OBJC_IMPLEMENTATIONS = YES;
				CLANG_WARN_DIRECT_OBJC_ISA_USAGE = YES_ERROR;
				CLANG_WARN_DOCUMENTATION_COMMENTS = YES;
				CLANG_WARN_EMPTY_BODY = YES;
				CLANG_WARN_ENUM_CONVERSION = YES;
				CLANG_WARN_INFINITE_RECURSION = YES;
				CLANG_WARN_INT_CONVERSION = YES;
				CLANG_WARN_NON_LITERAL_NULL_CONVERSION = YES;
				CLANG_WARN_OBJC_IMPLICIT_RETAIN_SELF = YES;
				CLANG_WARN_OBJC_LITERAL_CONVERSION = YES;
				CLANG_WARN_OBJC_ROOT_CLASS = YES_ERROR;
				CLANG_WARN_RANGE_LOOP_ANALYSIS = YES;
				CLANG_WARN_STRICT_PROTOTYPES = YES;
				CLANG_WARN_SUSPICIOUS_MOVE = YES;
				CLANG_WARN_UNGUARDED_AVAILABILITY = YES_AGGRESSIVE;
				CLANG_WARN_UNREACHABLE_CODE = YES;
				CLANG_WARN__DUPLICATE_METHOD_MATCH = YES;
				COPY_PHASE_STRIP = NO;
				DEBUG_INFORMATION_FORMAT = dwarf;
				ENABLE_STRICT_OBJC_MSGSEND = YES;
				ENABLE_TESTABILITY = YES;
				GCC_C_LANGUAGE_STANDARD = gnu11;
				GCC_DYNAMIC_NO_PIC = NO;
				GCC_NO_COMMON_BLOCKS = YES;
				GCC_OPTIMIZATION_LEVEL = 0;
				GCC_PREPROCESSOR_DEFINITIONS = (
					"DEBUG=1",
					"$(inherited)",
				);
				GCC_WARN_64_TO_32_BIT_CONVERSION = YES;
				GCC_WARN_ABOUT_RETURN_TYPE = YES_ERROR;
				GCC_WARN_UNDECLARED_SELECTOR = YES;
				GCC_WARN_UNINITIALIZED_AUTOS = YES_AGGRESSIVE;
				GCC_WARN_UNUSED_FUNCTION = YES;
				GCC_WARN_UNUSED_VARIABLE = YES;
				IPHONEOS_DEPLOYMENT_TARGET = 13.2;
				MTL_ENABLE_DEBUG_INFO = INCLUDE_SOURCE;
				MTL_FAST_MATH = YES;
				ONLY_ACTIVE_ARCH = YES;
				SDKROOT = iphoneos;
				SWIFT_ACTIVE_COMPILATION_CONDITIONS = DEBUG;
				SWIFT_OPTIMIZATION_LEVEL = "-Onone";
			};
			name = Debug;
		};
		314320A6263B1EA300BA8004 /* Release */ = {
			isa = XCBuildConfiguration;
			buildSettings = {
				ALWAYS_SEARCH_USER_PATHS = NO;
				CLANG_ANALYZER_NONNULL = YES;
				CLANG_ANALYZER_NUMBER_OBJECT_CONVERSION = YES_AGGRESSIVE;
				CLANG_CXX_LANGUAGE_STANDARD = "gnu++14";
				CLANG_CXX_LIBRARY = "libc++";
				CLANG_ENABLE_MODULES = YES;
				CLANG_ENABLE_OBJC_ARC = YES;
				CLANG_ENABLE_OBJC_WEAK = YES;
				CLANG_WARN_BLOCK_CAPTURE_AUTORELEASING = YES;
				CLANG_WARN_BOOL_CONVERSION = YES;
				CLANG_WARN_COMMA = YES;
				CLANG_WARN_CONSTANT_CONVERSION = YES;
				CLANG_WARN_DEPRECATED_OBJC_IMPLEMENTATIONS = YES;
				CLANG_WARN_DIRECT_OBJC_ISA_USAGE = YES_ERROR;
				CLANG_WARN_DOCUMENTATION_COMMENTS = YES;
				CLANG_WARN_EMPTY_BODY = YES;
				CLANG_WARN_ENUM_CONVERSION = YES;
				CLANG_WARN_INFINITE_RECURSION = YES;
				CLANG_WARN_INT_CONVERSION = YES;
				CLANG_WARN_NON_LITERAL_NULL_CONVERSION = YES;
				CLANG_WARN_OBJC_IMPLICIT_RETAIN_SELF = YES;
				CLANG_WARN_OBJC_LITERAL_CONVERSION = YES;
				CLANG_WARN_OBJC_ROOT_CLASS = YES_ERROR;
				CLANG_WARN_RANGE_LOOP_ANALYSIS = YES;
				CLANG_WARN_STRICT_PROTOTYPES = YES;
				CLANG_WARN_SUSPICIOUS_MOVE = YES;
				CLANG_WARN_UNGUARDED_AVAILABILITY = YES_AGGRESSIVE;
				CLANG_WARN_UNREACHABLE_CODE = YES;
				CLANG_WARN__DUPLICATE_METHOD_MATCH = YES;
				COPY_PHASE_STRIP = NO;
				DEBUG_INFORMATION_FORMAT = "dwarf-with-dsym";
				ENABLE_NS_ASSERTIONS = NO;
				ENABLE_STRICT_OBJC_MSGSEND = YES;
				GCC_C_LANGUAGE_STANDARD = gnu11;
				GCC_NO_COMMON_BLOCKS = YES;
				GCC_WARN_64_TO_32_BIT_CONVERSION = YES;
				GCC_WARN_ABOUT_RETURN_TYPE = YES_ERROR;
				GCC_WARN_UNDECLARED_SELECTOR = YES;
				GCC_WARN_UNINITIALIZED_AUTOS = YES_AGGRESSIVE;
				GCC_WARN_UNUSED_FUNCTION = YES;
				GCC_WARN_UNUSED_VARIABLE = YES;
				IPHONEOS_DEPLOYMENT_TARGET = 13.2;
				MTL_ENABLE_DEBUG_INFO = NO;
				MTL_FAST_MATH = YES;
				SDKROOT = iphoneos;
				SWIFT_COMPILATION_MODE = wholemodule;
				SWIFT_OPTIMIZATION_LEVEL = "-O";
				VALIDATE_PRODUCT = YES;
			};
			name = Release;
		};
		314320A8263B1EA300BA8004 /* Debug */ = {
			isa = XCBuildConfiguration;
			baseConfigurationReference = 85BDC554C9E6AAC5F8DE8769 /* Pods-SimbirSoft.debug.xcconfig */;
			buildSettings = {
				ASSETCATALOG_COMPILER_APPICON_NAME = AppIcon;
				CODE_SIGN_STYLE = Automatic;
				DEVELOPMENT_TEAM = 92B6XR6628;
				INFOPLIST_FILE = SimbirSoft/Info.plist;
				LD_RUNPATH_SEARCH_PATHS = (
					"$(inherited)",
					"@executable_path/Frameworks",
				);
				PRODUCT_BUNDLE_IDENTIFIER = "--.SimbirSoft";
				PRODUCT_NAME = "$(TARGET_NAME)";
				SWIFT_VERSION = 5.0;
				TARGETED_DEVICE_FAMILY = "1,2";
			};
			name = Debug;
		};
		314320A9263B1EA300BA8004 /* Release */ = {
			isa = XCBuildConfiguration;
			baseConfigurationReference = AD481A9CDAD5BFA343637E0F /* Pods-SimbirSoft.release.xcconfig */;
			buildSettings = {
				ASSETCATALOG_COMPILER_APPICON_NAME = AppIcon;
				CODE_SIGN_STYLE = Automatic;
				DEVELOPMENT_TEAM = 92B6XR6628;
				INFOPLIST_FILE = SimbirSoft/Info.plist;
				LD_RUNPATH_SEARCH_PATHS = (
					"$(inherited)",
					"@executable_path/Frameworks",
				);
				PRODUCT_BUNDLE_IDENTIFIER = "--.SimbirSoft";
				PRODUCT_NAME = "$(TARGET_NAME)";
				SWIFT_VERSION = 5.0;
				TARGETED_DEVICE_FAMILY = "1,2";
			};
			name = Release;
		};
		314320AB263B1EA300BA8004 /* Debug */ = {
			isa = XCBuildConfiguration;
			baseConfigurationReference = 0052974C406F2E0519C85F5F /* Pods-SimbirSoftTests.debug.xcconfig */;
			buildSettings = {
				ALWAYS_EMBED_SWIFT_STANDARD_LIBRARIES = YES;
				BUNDLE_LOADER = "$(TEST_HOST)";
				CODE_SIGN_STYLE = Automatic;
				DEVELOPMENT_TEAM = 92B6XR6628;
				INFOPLIST_FILE = SimbirSoftTests/Info.plist;
				IPHONEOS_DEPLOYMENT_TARGET = 13.2;
				LD_RUNPATH_SEARCH_PATHS = (
					"$(inherited)",
					"@executable_path/Frameworks",
					"@loader_path/Frameworks",
				);
				PRODUCT_BUNDLE_IDENTIFIER = "--.SimbirSoftTests";
				PRODUCT_NAME = "$(TARGET_NAME)";
				SWIFT_VERSION = 5.0;
				TARGETED_DEVICE_FAMILY = "1,2";
				TEST_HOST = "$(BUILT_PRODUCTS_DIR)/SimbirSoft.app/SimbirSoft";
			};
			name = Debug;
		};
		314320AC263B1EA300BA8004 /* Release */ = {
			isa = XCBuildConfiguration;
			baseConfigurationReference = A56A5460C727E1E872A4D75B /* Pods-SimbirSoftTests.release.xcconfig */;
			buildSettings = {
				ALWAYS_EMBED_SWIFT_STANDARD_LIBRARIES = YES;
				BUNDLE_LOADER = "$(TEST_HOST)";
				CODE_SIGN_STYLE = Automatic;
				DEVELOPMENT_TEAM = 92B6XR6628;
				INFOPLIST_FILE = SimbirSoftTests/Info.plist;
				IPHONEOS_DEPLOYMENT_TARGET = 13.2;
				LD_RUNPATH_SEARCH_PATHS = (
					"$(inherited)",
					"@executable_path/Frameworks",
					"@loader_path/Frameworks",
				);
				PRODUCT_BUNDLE_IDENTIFIER = "--.SimbirSoftTests";
				PRODUCT_NAME = "$(TARGET_NAME)";
				SWIFT_VERSION = 5.0;
				TARGETED_DEVICE_FAMILY = "1,2";
				TEST_HOST = "$(BUILT_PRODUCTS_DIR)/SimbirSoft.app/SimbirSoft";
			};
			name = Release;
		};
		314320AE263B1EA300BA8004 /* Debug */ = {
			isa = XCBuildConfiguration;
			baseConfigurationReference = 593267A6779C1C99551D3EC5 /* Pods-SimbirSoft-SimbirSoftUITests.debug.xcconfig */;
			buildSettings = {
				ALWAYS_EMBED_SWIFT_STANDARD_LIBRARIES = YES;
				CODE_SIGN_STYLE = Automatic;
				DEVELOPMENT_TEAM = 92B6XR6628;
				INFOPLIST_FILE = SimbirSoftUITests/Info.plist;
				LD_RUNPATH_SEARCH_PATHS = (
					"$(inherited)",
					"@executable_path/Frameworks",
					"@loader_path/Frameworks",
				);
				PRODUCT_BUNDLE_IDENTIFIER = "--.SimbirSoftUITests";
				PRODUCT_NAME = "$(TARGET_NAME)";
				SWIFT_VERSION = 5.0;
				TARGETED_DEVICE_FAMILY = "1,2";
				TEST_TARGET_NAME = SimbirSoft;
			};
			name = Debug;
		};
		314320AF263B1EA300BA8004 /* Release */ = {
			isa = XCBuildConfiguration;
			baseConfigurationReference = 18B3AAA378649F8AA8F34DB4 /* Pods-SimbirSoft-SimbirSoftUITests.release.xcconfig */;
			buildSettings = {
				ALWAYS_EMBED_SWIFT_STANDARD_LIBRARIES = YES;
				CODE_SIGN_STYLE = Automatic;
				DEVELOPMENT_TEAM = 92B6XR6628;
				INFOPLIST_FILE = SimbirSoftUITests/Info.plist;
				LD_RUNPATH_SEARCH_PATHS = (
					"$(inherited)",
					"@executable_path/Frameworks",
					"@loader_path/Frameworks",
				);
				PRODUCT_BUNDLE_IDENTIFIER = "--.SimbirSoftUITests";
				PRODUCT_NAME = "$(TARGET_NAME)";
				SWIFT_VERSION = 5.0;
				TARGETED_DEVICE_FAMILY = "1,2";
				TEST_TARGET_NAME = SimbirSoft;
			};
			name = Release;
		};
/* End XCBuildConfiguration section */

/* Begin XCConfigurationList section */
		31432078263B1E9F00BA8004 /* Build configuration list for PBXProject "SimbirSoft" */ = {
			isa = XCConfigurationList;
			buildConfigurations = (
				314320A5263B1EA300BA8004 /* Debug */,
				314320A6263B1EA300BA8004 /* Release */,
			);
			defaultConfigurationIsVisible = 0;
			defaultConfigurationName = Release;
		};
		314320A7263B1EA300BA8004 /* Build configuration list for PBXNativeTarget "SimbirSoft" */ = {
			isa = XCConfigurationList;
			buildConfigurations = (
				314320A8263B1EA300BA8004 /* Debug */,
				314320A9263B1EA300BA8004 /* Release */,
			);
			defaultConfigurationIsVisible = 0;
			defaultConfigurationName = Release;
		};
		314320AA263B1EA300BA8004 /* Build configuration list for PBXNativeTarget "SimbirSoftTests" */ = {
			isa = XCConfigurationList;
			buildConfigurations = (
				314320AB263B1EA300BA8004 /* Debug */,
				314320AC263B1EA300BA8004 /* Release */,
			);
			defaultConfigurationIsVisible = 0;
			defaultConfigurationName = Release;
		};
		314320AD263B1EA300BA8004 /* Build configuration list for PBXNativeTarget "SimbirSoftUITests" */ = {
			isa = XCConfigurationList;
			buildConfigurations = (
				314320AE263B1EA300BA8004 /* Debug */,
				314320AF263B1EA300BA8004 /* Release */,
			);
			defaultConfigurationIsVisible = 0;
			defaultConfigurationName = Release;
		};
/* End XCConfigurationList section */
	};
	rootObject = 31432075263B1E9F00BA8004 /* Project object */;
}
